{
  "requires": true,
  "lockfileVersion": 1,
  "dependencies": {
    "@ashvin27/react-datatable": {
      "version": "1.5.3",
      "resolved": "https://registry.npmjs.org/@ashvin27/react-datatable/-/react-datatable-1.5.3.tgz",
      "integrity": "sha512-GvjGX9FkWbeVtEIlaDyv2eLHv7uqgGLD1T+NdRBxmFKVQYj64VjsphkVRSUeE1RHdhjzFym+VpnG8IM/jzJ7tw==",
      "requires": {
        "lodash": "4.17.21"
      }
    },
    "lodash": {
      "version": "4.17.21",
      "resolved": "https://registry.npmjs.org/lodash/-/lodash-4.17.21.tgz",
      "integrity": "sha512-v2kDEe57lecTulaDIuNTPy3Ry4gLGJ6Z1O3vE1krgXZNrsQ+LFTGHVxVjcXPs17LhbZVGedAJv8XZ1tvj5FvSg=="
    }
  }
}
